<?xml version="1.0" encoding="utf-8"?>
<Project ToolsVersion="4.0" xmlns="http://schemas.microsoft.com/developer/msbuild/2003">
  <ItemGroup>
    <Filter Include="Pch">
      <UniqueIdentifier>{66c8b1b3-2570-42c3-9b44-edcf12342900}</UniqueIdentifier>
    </Filter>
  </ItemGroup>
  <ItemGroup>
    <ClCompile Include="AStar.cpp" />
    <ClCompile Include="dllmain.cpp" />
    <ClCompile Include="PathFinder.cpp" />
    <ClCompile Include="TileMap.cpp" />
    <ClCompile Include="pch.cpp">
      <Filter>Pch</Filter>
    </ClCompile>
  </ItemGroup>
  <ItemGroup>
    <ClInclude Include="AStar.h" />
    <ClInclude Include="TileMap.h" />
    <ClInclude Include="pch.h">
      <Filter>Pch</Filter>
    </ClInclude>
    <ClInclude Include="Types.h">
      <Filter>Pch</Filter>
    </ClInclude>
    <ClInclude Include="Pos.h">
      <Filter>Pch</Filter>
    </ClInclude>
  </ItemGroup>
</Project>